
Microsoft Visual Studio Solution File, Format Version 12.00
Project("{FAE04EC0-301F-11D3-BF4B-00C04F79EFBC}") = "FactoryMethod", "FactoryMethod\FactoryMethod.csproj", "{BA10978E-8E76-462B-AB34-C6FD273A9ACF}"
EndProject
Project("{FAE04EC0-301F-11D3-BF4B-00C04F79EFBC}") = "AbstractFactory", "AbstractFactory\AbstractFactory.csproj", "{0C07ACE5-A7A1-4E11-A3D6-22802CE8B2A6}"
EndProject
Project("{2150E333-8FDC-42A3-9474-1A3956D46DE8}") = "creational", "creational", "{91581264-0414-42BB-B5F2-70FF58E5473B}"
EndProject
Project("{FAE04EC0-301F-11D3-BF4B-00C04F79EFBC}") = "Builder", "Builder\Builder.csproj", "{EF14F227-0596-45D3-9F13-BBB4C613D08C}"
EndProject
Global
	GlobalSection(SolutionConfigurationPlatforms) = preSolution
		Debug|Any CPU = Debug|Any CPU
		Release|Any CPU = Release|Any CPU
	EndGlobalSection
	GlobalSection(ProjectConfigurationPlatforms) = postSolution
		{BA10978E-8E76-462B-AB34-C6FD273A9ACF}.Debug|Any CPU.ActiveCfg = Debug|Any CPU
		{BA10978E-8E76-462B-AB34-C6FD273A9ACF}.Debug|Any CPU.Build.0 = Debug|Any CPU
		{BA10978E-8E76-462B-AB34-C6FD273A9ACF}.Release|Any CPU.ActiveCfg = Release|Any CPU
		{BA10978E-8E76-462B-AB34-C6FD273A9ACF}.Release|Any CPU.Build.0 = Release|Any CPU
		{0C07ACE5-A7A1-4E11-A3D6-22802CE8B2A6}.Debug|Any CPU.ActiveCfg = Debug|Any CPU
		{0C07ACE5-A7A1-4E11-A3D6-22802CE8B2A6}.Debug|Any CPU.Build.0 = Debug|Any CPU
		{0C07ACE5-A7A1-4E11-A3D6-22802CE8B2A6}.Release|Any CPU.ActiveCfg = Release|Any CPU
		{0C07ACE5-A7A1-4E11-A3D6-22802CE8B2A6}.Release|Any CPU.Build.0 = Release|Any CPU
		{EF14F227-0596-45D3-9F13-BBB4C613D08C}.Debug|Any CPU.ActiveCfg = Debug|Any CPU
		{EF14F227-0596-45D3-9F13-BBB4C613D08C}.Debug|Any CPU.Build.0 = Debug|Any CPU
		{EF14F227-0596-45D3-9F13-BBB4C613D08C}.Release|Any CPU.ActiveCfg = Release|Any CPU
		{EF14F227-0596-45D3-9F13-BBB4C613D08C}.Release|Any CPU.Build.0 = Release|Any CPU
	EndGlobalSection
	GlobalSection(NestedProjects) = preSolution
		{0C07ACE5-A7A1-4E11-A3D6-22802CE8B2A6} = {91581264-0414-42BB-B5F2-70FF58E5473B}
		{BA10978E-8E76-462B-AB34-C6FD273A9ACF} = {91581264-0414-42BB-B5F2-70FF58E5473B}
		{EF14F227-0596-45D3-9F13-BBB4C613D08C} = {91581264-0414-42BB-B5F2-70FF58E5473B}
	EndGlobalSection
EndGlobal
